// !$*UTF8*$!
{
	archiveVersion = 1;
	classes = {
	};
	objectVersion = 46;
	objects = {

/* Begin PBXBuildFile section */
		171B12A21D2BE9BB00D5BF26 /* CoreMotionViewModel.swift in Sources */ = {isa = PBXBuildFile; fileRef = 171B12A11D2BE9BB00D5BF26 /* CoreMotionViewModel.swift */; };
		171B12A41D2BE9D900D5BF26 /* Model.swift in Sources */ = {isa = PBXBuildFile; fileRef = 171B12A31D2BE9D900D5BF26 /* Model.swift */; };
		171B12A61D2BEC4800D5BF26 /* Const.swift in Sources */ = {isa = PBXBuildFile; fileRef = 171B12A51D2BEC4800D5BF26 /* Const.swift */; };
		1735295E1D27B366000587DD /* AppDelegate.swift in Sources */ = {isa = PBXBuildFile; fileRef = 1735295D1D27B366000587DD /* AppDelegate.swift */; };
		173529601D27B366000587DD /* ViewController.swift in Sources */ = {isa = PBXBuildFile; fileRef = 1735295F1D27B366000587DD /* ViewController.swift */; };
		173529631D27B366000587DD /* Main.storyboard in Resources */ = {isa = PBXBuildFile; fileRef = 173529611D27B366000587DD /* Main.storyboard */; };
		173529651D27B366000587DD /* Assets.xcassets in Resources */ = {isa = PBXBuildFile; fileRef = 173529641D27B366000587DD /* Assets.xcassets */; };
		173529681D27B366000587DD /* LaunchScreen.storyboard in Resources */ = {isa = PBXBuildFile; fileRef = 173529661D27B366000587DD /* LaunchScreen.storyboard */; };
		173529731D27B366000587DD /* KazeTests.swift in Sources */ = {isa = PBXBuildFile; fileRef = 173529721D27B366000587DD /* KazeTests.swift */; };
		1735297E1D27B366000587DD /* KazeUITests.swift in Sources */ = {isa = PBXBuildFile; fileRef = 1735297D1D27B366000587DD /* KazeUITests.swift */; };
		173529901D27CBBA000587DD /* RxSwift.framework in Frameworks */ = {isa = PBXBuildFile; fileRef = 1735298C1D27CBBA000587DD /* RxSwift.framework */; };
		173529911D27CBBA000587DD /* RxCocoa.framework in Frameworks */ = {isa = PBXBuildFile; fileRef = 1735298D1D27CBBA000587DD /* RxCocoa.framework */; };
		173529931D27CBBA000587DD /* RxBlocking.framework in Frameworks */ = {isa = PBXBuildFile; fileRef = 1735298F1D27CBBA000587DD /* RxBlocking.framework */; };
		1790BFCC1D39C66200DD64BC /* SocketIoViewModel.swift in Sources */ = {isa = PBXBuildFile; fileRef = 1790BFCB1D39C66200DD64BC /* SocketIoViewModel.swift */; };
		1790BFCE1D39CE4500DD64BC /* SocketIOClientSwift.framework in Frameworks */ = {isa = PBXBuildFile; fileRef = 1790BFCD1D39CE4500DD64BC /* SocketIOClientSwift.framework */; };
		1790BFD01D39FBEE00DD64BC /* WebSocketViewModel.swift in Sources */ = {isa = PBXBuildFile; fileRef = 1790BFCF1D39FBEE00DD64BC /* WebSocketViewModel.swift */; };
		1790BFD41D3A018D00DD64BC /* Starscream.framework in Frameworks */ = {isa = PBXBuildFile; fileRef = 1790BFD11D3A018D00DD64BC /* Starscream.framework */; };
		1790BFD51D3A018D00DD64BC /* LTMorphingLabel.framework in Frameworks */ = {isa = PBXBuildFile; fileRef = 1790BFD21D3A018D00DD64BC /* LTMorphingLabel.framework */; };
		1790BFD61D3A018D00DD64BC /* Chameleon.framework in Frameworks */ = {isa = PBXBuildFile; fileRef = 1790BFD31D3A018D00DD64BC /* Chameleon.framework */; };
/* End PBXBuildFile section */

/* Begin PBXContainerItemProxy section */
		1735296F1D27B366000587DD /* PBXContainerItemProxy */ = {
			isa = PBXContainerItemProxy;
			containerPortal = 173529521D27B366000587DD /* Project object */;
			proxyType = 1;
			remoteGlobalIDString = 173529591D27B366000587DD;
			remoteInfo = Kaze;
		};
		1735297A1D27B366000587DD /* PBXContainerItemProxy */ = {
			isa = PBXContainerItemProxy;
			containerPortal = 173529521D27B366000587DD /* Project object */;
			proxyType = 1;
			remoteGlobalIDString = 173529591D27B366000587DD;
			remoteInfo = Kaze;
		};
/* End PBXContainerItemProxy section */

/* Begin PBXFileReference section */
		171B12A11D2BE9BB00D5BF26 /* CoreMotionViewModel.swift */ = {isa = PBXFileReference; fileEncoding = 4; lastKnownFileType = sourcecode.swift; path = CoreMotionViewModel.swift; sourceTree = "<group>"; };
		171B12A31D2BE9D900D5BF26 /* Model.swift */ = {isa = PBXFileReference; fileEncoding = 4; lastKnownFileType = sourcecode.swift; path = Model.swift; sourceTree = "<group>"; };
		171B12A51D2BEC4800D5BF26 /* Const.swift */ = {isa = PBXFileReference; fileEncoding = 4; lastKnownFileType = sourcecode.swift; path = Const.swift; sourceTree = "<group>"; };
		1735295A1D27B366000587DD /* kaze.app */ = {isa = PBXFileReference; explicitFileType = wrapper.application; includeInIndex = 0; path = kaze.app; sourceTree = BUILT_PRODUCTS_DIR; };
		1735295D1D27B366000587DD /* AppDelegate.swift */ = {isa = PBXFileReference; lastKnownFileType = sourcecode.swift; path = AppDelegate.swift; sourceTree = "<group>"; };
		1735295F1D27B366000587DD /* ViewController.swift */ = {isa = PBXFileReference; lastKnownFileType = sourcecode.swift; path = ViewController.swift; sourceTree = "<group>"; };
		173529621D27B366000587DD /* Base */ = {isa = PBXFileReference; lastKnownFileType = file.storyboard; name = Base; path = Base.lproj/Main.storyboard; sourceTree = "<group>"; };
		173529641D27B366000587DD /* Assets.xcassets */ = {isa = PBXFileReference; lastKnownFileType = folder.assetcatalog; path = Assets.xcassets; sourceTree = "<group>"; };
		173529671D27B366000587DD /* Base */ = {isa = PBXFileReference; lastKnownFileType = file.storyboard; name = Base; path = Base.lproj/LaunchScreen.storyboard; sourceTree = "<group>"; };
		173529691D27B366000587DD /* Info.plist */ = {isa = PBXFileReference; lastKnownFileType = text.plist.xml; path = Info.plist; sourceTree = "<group>"; };
		1735296E1D27B366000587DD /* KazeTests.xctest */ = {isa = PBXFileReference; explicitFileType = wrapper.cfbundle; includeInIndex = 0; path = KazeTests.xctest; sourceTree = BUILT_PRODUCTS_DIR; };
		173529721D27B366000587DD /* KazeTests.swift */ = {isa = PBXFileReference; lastKnownFileType = sourcecode.swift; path = KazeTests.swift; sourceTree = "<group>"; };
		173529741D27B366000587DD /* Info.plist */ = {isa = PBXFileReference; lastKnownFileType = text.plist.xml; path = Info.plist; sourceTree = "<group>"; };
		173529791D27B366000587DD /* KazeUITests.xctest */ = {isa = PBXFileReference; explicitFileType = wrapper.cfbundle; includeInIndex = 0; path = KazeUITests.xctest; sourceTree = BUILT_PRODUCTS_DIR; };
		1735297D1D27B366000587DD /* KazeUITests.swift */ = {isa = PBXFileReference; lastKnownFileType = sourcecode.swift; path = KazeUITests.swift; sourceTree = "<group>"; };
		1735297F1D27B366000587DD /* Info.plist */ = {isa = PBXFileReference; lastKnownFileType = text.plist.xml; path = Info.plist; sourceTree = "<group>"; };
		1735298C1D27CBBA000587DD /* RxSwift.framework */ = {isa = PBXFileReference; lastKnownFileType = wrapper.framework; name = RxSwift.framework; path = Carthage/Build/iOS/RxSwift.framework; sourceTree = "<group>"; };
		1735298D1D27CBBA000587DD /* RxCocoa.framework */ = {isa = PBXFileReference; lastKnownFileType = wrapper.framework; name = RxCocoa.framework; path = Carthage/Build/iOS/RxCocoa.framework; sourceTree = "<group>"; };
		1735298E1D27CBBA000587DD /* RxTests.framework */ = {isa = PBXFileReference; lastKnownFileType = wrapper.framework; name = RxTests.framework; path = Carthage/Build/iOS/RxTests.framework; sourceTree = "<group>"; };
		1735298F1D27CBBA000587DD /* RxBlocking.framework */ = {isa = PBXFileReference; lastKnownFileType = wrapper.framework; name = RxBlocking.framework; path = Carthage/Build/iOS/RxBlocking.framework; sourceTree = "<group>"; };
		1790BFCB1D39C66200DD64BC /* SocketIoViewModel.swift */ = {isa = PBXFileReference; fileEncoding = 4; lastKnownFileType = sourcecode.swift; name = SocketIoViewModel.swift; path = ../View/SocketIoViewModel.swift; sourceTree = "<group>"; };
		1790BFCD1D39CE4500DD64BC /* SocketIOClientSwift.framework */ = {isa = PBXFileReference; lastKnownFileType = wrapper.framework; name = SocketIOClientSwift.framework; path = Carthage/Build/iOS/SocketIOClientSwift.framework; sourceTree = "<group>"; };
		1790BFCF1D39FBEE00DD64BC /* WebSocketViewModel.swift */ = {isa = PBXFileReference; fileEncoding = 4; lastKnownFileType = sourcecode.swift; path = WebSocketViewModel.swift; sourceTree = "<group>"; };
		1790BFD11D3A018D00DD64BC /* Starscream.framework */ = {isa = PBXFileReference; lastKnownFileType = wrapper.framework; name = Starscream.framework; path = Carthage/Build/iOS/Starscream.framework; sourceTree = "<group>"; };
		1790BFD21D3A018D00DD64BC /* LTMorphingLabel.framework */ = {isa = PBXFileReference; lastKnownFileType = wrapper.framework; name = LTMorphingLabel.framework; path = Carthage/Build/iOS/LTMorphingLabel.framework; sourceTree = "<group>"; };
		1790BFD31D3A018D00DD64BC /* Chameleon.framework */ = {isa = PBXFileReference; lastKnownFileType = wrapper.framework; name = Chameleon.framework; path = Carthage/Build/iOS/Chameleon.framework; sourceTree = "<group>"; };
/* End PBXFileReference section */

/* Begin PBXFrameworksBuildPhase section */
		173529571D27B366000587DD /* Frameworks */ = {
			isa = PBXFrameworksBuildPhase;
			buildActionMask = 2147483647;
			files = (
				1790BFD41D3A018D00DD64BC /* Starscream.framework in Frameworks */,
				1790BFD51D3A018D00DD64BC /* LTMorphingLabel.framework in Frameworks */,
				1790BFD61D3A018D00DD64BC /* Chameleon.framework in Frameworks */,
				1790BFCE1D39CE4500DD64BC /* SocketIOClientSwift.framework in Frameworks */,
				173529901D27CBBA000587DD /* RxSwift.framework in Frameworks */,
				173529911D27CBBA000587DD /* RxCocoa.framework in Frameworks */,
				173529931D27CBBA000587DD /* RxBlocking.framework in Frameworks */,
			);
			runOnlyForDeploymentPostprocessing = 0;
		};
		1735296B1D27B366000587DD /* Frameworks */ = {
			isa = PBXFrameworksBuildPhase;
			buildActionMask = 2147483647;
			files = (
			);
			runOnlyForDeploymentPostprocessing = 0;
		};
		173529761D27B366000587DD /* Frameworks */ = {
			isa = PBXFrameworksBuildPhase;
			buildActionMask = 2147483647;
			files = (
			);
			runOnlyForDeploymentPostprocessing = 0;
		};
/* End PBXFrameworksBuildPhase section */

/* Begin PBXGroup section */
		171B129E1D2BE8AF00D5BF26 /* View */ = {
			isa = PBXGroup;
			children = (
				1735295F1D27B366000587DD /* ViewController.swift */,
			);
			path = View;
			sourceTree = "<group>";
		};
		171B129F1D2BE8B700D5BF26 /* ViewModel */ = {
			isa = PBXGroup;
			children = (
				1790BFCB1D39C66200DD64BC /* SocketIoViewModel.swift */,
				171B12A11D2BE9BB00D5BF26 /* CoreMotionViewModel.swift */,
				1790BFCF1D39FBEE00DD64BC /* WebSocketViewModel.swift */,
			);
			path = ViewModel;
			sourceTree = "<group>";
		};
		171B12A01D2BE8C700D5BF26 /* Model */ = {
			isa = PBXGroup;
			children = (
				171B12A31D2BE9D900D5BF26 /* Model.swift */,
			);
			path = Model;
			sourceTree = "<group>";
		};
		173529511D27B366000587DD = {
			isa = PBXGroup;
			children = (
				1790BFD11D3A018D00DD64BC /* Starscream.framework */,
				1790BFD21D3A018D00DD64BC /* LTMorphingLabel.framework */,
				1790BFD31D3A018D00DD64BC /* Chameleon.framework */,
				1790BFCD1D39CE4500DD64BC /* SocketIOClientSwift.framework */,
				1735295C1D27B366000587DD /* Kaze */,
				173529711D27B366000587DD /* KazeTests */,
				1735297C1D27B366000587DD /* KazeUITests */,
				1735295B1D27B366000587DD /* Products */,
				1735298F1D27CBBA000587DD /* RxBlocking.framework */,
				1735298D1D27CBBA000587DD /* RxCocoa.framework */,
				1735298C1D27CBBA000587DD /* RxSwift.framework */,
				1735298E1D27CBBA000587DD /* RxTests.framework */,
			);
			sourceTree = "<group>";
		};
		1735295B1D27B366000587DD /* Products */ = {
			isa = PBXGroup;
			children = (
				1735295A1D27B366000587DD /* kaze.app */,
				1735296E1D27B366000587DD /* KazeTests.xctest */,
				173529791D27B366000587DD /* KazeUITests.xctest */,
			);
			name = Products;
			sourceTree = "<group>";
		};
		1735295C1D27B366000587DD /* Kaze */ = {
			isa = PBXGroup;
			children = (
				171B12A01D2BE8C700D5BF26 /* Model */,
				171B129E1D2BE8AF00D5BF26 /* View */,
				171B129F1D2BE8B700D5BF26 /* ViewModel */,
				1735295D1D27B366000587DD /* AppDelegate.swift */,
				173529641D27B366000587DD /* Assets.xcassets */,
				171B12A51D2BEC4800D5BF26 /* Const.swift */,
				173529691D27B366000587DD /* Info.plist */,
				173529661D27B366000587DD /* LaunchScreen.storyboard */,
				173529611D27B366000587DD /* Main.storyboard */,
			);
			path = Kaze;
			sourceTree = "<group>";
		};
		173529711D27B366000587DD /* KazeTests */ = {
			isa = PBXGroup;
			children = (
				173529741D27B366000587DD /* Info.plist */,
				173529721D27B366000587DD /* KazeTests.swift */,
			);
			path = KazeTests;
			sourceTree = "<group>";
		};
		1735297C1D27B366000587DD /* KazeUITests */ = {
			isa = PBXGroup;
			children = (
				1735297F1D27B366000587DD /* Info.plist */,
				1735297D1D27B366000587DD /* KazeUITests.swift */,
			);
			path = KazeUITests;
			sourceTree = "<group>";
		};
/* End PBXGroup section */

/* Begin PBXNativeTarget section */
		173529591D27B366000587DD /* Kaze */ = {
			isa = PBXNativeTarget;
			buildConfigurationList = 173529821D27B366000587DD /* Build configuration list for PBXNativeTarget "Kaze" */;
			buildPhases = (
				173529561D27B366000587DD /* Sources */,
				173529571D27B366000587DD /* Frameworks */,
				173529581D27B366000587DD /* Resources */,
				1735298B1D27B4EA000587DD /* ShellScript */,
				173529941D27CBEB000587DD /* ShellScript */,
			);
			buildRules = (
			);
			dependencies = (
			);
			name = Kaze;
			productName = Kaze;
			productReference = 1735295A1D27B366000587DD /* kaze.app */;
			productType = "com.apple.product-type.application";
		};
		1735296D1D27B366000587DD /* KazeTests */ = {
			isa = PBXNativeTarget;
			buildConfigurationList = 173529851D27B366000587DD /* Build configuration list for PBXNativeTarget "KazeTests" */;
			buildPhases = (
				1735296A1D27B366000587DD /* Sources */,
				1735296B1D27B366000587DD /* Frameworks */,
				1735296C1D27B366000587DD /* Resources */,
			);
			buildRules = (
			);
			dependencies = (
				173529701D27B366000587DD /* PBXTargetDependency */,
			);
			name = KazeTests;
			productName = KazeTests;
			productReference = 1735296E1D27B366000587DD /* KazeTests.xctest */;
			productType = "com.apple.product-type.bundle.unit-test";
		};
		173529781D27B366000587DD /* KazeUITests */ = {
			isa = PBXNativeTarget;
			buildConfigurationList = 173529881D27B366000587DD /* Build configuration list for PBXNativeTarget "KazeUITests" */;
			buildPhases = (
				173529751D27B366000587DD /* Sources */,
				173529761D27B366000587DD /* Frameworks */,
				173529771D27B366000587DD /* Resources */,
			);
			buildRules = (
			);
			dependencies = (
				1735297B1D27B366000587DD /* PBXTargetDependency */,
			);
			name = KazeUITests;
			productName = KazeUITests;
			productReference = 173529791D27B366000587DD /* KazeUITests.xctest */;
			productType = "com.apple.product-type.bundle.ui-testing";
		};
/* End PBXNativeTarget section */

/* Begin PBXProject section */
		173529521D27B366000587DD /* Project object */ = {
			isa = PBXProject;
			attributes = {
				LastSwiftUpdateCheck = 0730;
				LastUpgradeCheck = 0730;
				ORGANIZATIONNAME = HikaruTakahashi;
				TargetAttributes = {
					173529591D27B366000587DD = {
						CreatedOnToolsVersion = 7.3.1;
						DevelopmentTeam = YKMQ6HDT99;
					};
					1735296D1D27B366000587DD = {
						CreatedOnToolsVersion = 7.3.1;
						DevelopmentTeam = YKMQ6HDT99;
						TestTargetID = 173529591D27B366000587DD;
					};
					173529781D27B366000587DD = {
						CreatedOnToolsVersion = 7.3.1;
						DevelopmentTeam = YKMQ6HDT99;
						TestTargetID = 173529591D27B366000587DD;
					};
				};
			};
			buildConfigurationList = 173529551D27B366000587DD /* Build configuration list for PBXProject "Kaze" */;
			compatibilityVersion = "Xcode 3.2";
			developmentRegion = English;
			hasScannedForEncodings = 0;
			knownRegions = (
				en,
				Base,
			);
			mainGroup = 173529511D27B366000587DD;
			productRefGroup = 1735295B1D27B366000587DD /* Products */;
			projectDirPath = "";
			projectRoot = "";
			targets = (
				173529591D27B366000587DD /* Kaze */,
				1735296D1D27B366000587DD /* KazeTests */,
				173529781D27B366000587DD /* KazeUITests */,
			);
		};
/* End PBXProject section */

/* Begin PBXResourcesBuildPhase section */
		173529581D27B366000587DD /* Resources */ = {
			isa = PBXResourcesBuildPhase;
			buildActionMask = 2147483647;
			files = (
				173529681D27B366000587DD /* LaunchScreen.storyboard in Resources */,
				173529651D27B366000587DD /* Assets.xcassets in Resources */,
				173529631D27B366000587DD /* Main.storyboard in Resources */,
			);
			runOnlyForDeploymentPostprocessing = 0;
		};
		1735296C1D27B366000587DD /* Resources */ = {
			isa = PBXResourcesBuildPhase;
			buildActionMask = 2147483647;
			files = (
			);
			runOnlyForDeploymentPostprocessing = 0;
		};
		173529771D27B366000587DD /* Resources */ = {
			isa = PBXResourcesBuildPhase;
			buildActionMask = 2147483647;
			files = (
			);
			runOnlyForDeploymentPostprocessing = 0;
		};
/* End PBXResourcesBuildPhase section */

/* Begin PBXShellScriptBuildPhase section */
		1735298B1D27B4EA000587DD /* ShellScript */ = {
			isa = PBXShellScriptBuildPhase;
			buildActionMask = 2147483647;
			files = (
			);
			inputPaths = (
			);
			outputPaths = (
			);
			runOnlyForDeploymentPostprocessing = 0;
			shellPath = /bin/sh;
			shellScript = "if which swiftlint >/dev/null; then\nswiftlint\nelse\necho \"SwiftLint does not exist, download from https://github.com/realm/SwiftLint\"\nfi";
		};
		173529941D27CBEB000587DD /* ShellScript */ = {
			isa = PBXShellScriptBuildPhase;
			buildActionMask = 2147483647;
			files = (
			);
			inputPaths = (
				"$(SRCROOT)/Carthage/Build/iOS/RxSwift.framework",
				"$(SRCROOT)/Carthage/Build/iOS/RxCocoa.framework",
				"$(SRCROOT)/Carthage/Build/iOS/RxBlocking.framework",
				"$(SRCROOT)/Carthage/Build/iOS/SocketIOClientSwift.framework",
				"$(SRCROOT)/Carthage/Build/iOS/Chameleon.framework",
				"$(SRCROOT)/Carthage/Build/iOS/LTMorphingLabel.framework",
				"$(SRCROOT)/Carthage/Build/iOS/Starscream.framework",
			);
			outputPaths = (
			);
			runOnlyForDeploymentPostprocessing = 0;
			shellPath = /bin/sh;
			shellScript = "/usr/local/bin/carthage copy-frameworks";
		};
/* End PBXShellScriptBuildPhase section */

/* Begin PBXSourcesBuildPhase section */
		173529561D27B366000587DD /* Sources */ = {
			isa = PBXSourcesBuildPhase;
			buildActionMask = 2147483647;
			files = (
				173529601D27B366000587DD /* ViewController.swift in Sources */,
				1790BFCC1D39C66200DD64BC /* SocketIoViewModel.swift in Sources */,
				171B12A21D2BE9BB00D5BF26 /* CoreMotionViewModel.swift in Sources */,
				1735295E1D27B366000587DD /* AppDelegate.swift in Sources */,
				1790BFD01D39FBEE00DD64BC /* WebSocketViewModel.swift in Sources */,
				171B12A41D2BE9D900D5BF26 /* Model.swift in Sources */,
				171B12A61D2BEC4800D5BF26 /* Const.swift in Sources */,
			);
			runOnlyForDeploymentPostprocessing = 0;
		};
		1735296A1D27B366000587DD /* Sources */ = {
			isa = PBXSourcesBuildPhase;
			buildActionMask = 2147483647;
			files = (
				173529731D27B366000587DD /* KazeTests.swift in Sources */,
			);
			runOnlyForDeploymentPostprocessing = 0;
		};
		173529751D27B366000587DD /* Sources */ = {
			isa = PBXSourcesBuildPhase;
			buildActionMask = 2147483647;
			files = (
				1735297E1D27B366000587DD /* KazeUITests.swift in Sources */,
			);
			runOnlyForDeploymentPostprocessing = 0;
		};
/* End PBXSourcesBuildPhase section */

/* Begin PBXTargetDependency section */
		173529701D27B366000587DD /* PBXTargetDependency */ = {
			isa = PBXTargetDependency;
			target = 173529591D27B366000587DD /* Kaze */;
			targetProxy = 1735296F1D27B366000587DD /* PBXContainerItemProxy */;
		};
		1735297B1D27B366000587DD /* PBXTargetDependency */ = {
			isa = PBXTargetDependency;
			target = 173529591D27B366000587DD /* Kaze */;
			targetProxy = 1735297A1D27B366000587DD /* PBXContainerItemProxy */;
		};
/* End PBXTargetDependency section */

/* Begin PBXVariantGroup section */
		173529611D27B366000587DD /* Main.storyboard */ = {
			isa = PBXVariantGroup;
			children = (
				173529621D27B366000587DD /* Base */,
			);
			name = Main.storyboard;
			path = .;
			sourceTree = "<group>";
		};
		173529661D27B366000587DD /* LaunchScreen.storyboard */ = {
			isa = PBXVariantGroup;
			children = (
				173529671D27B366000587DD /* Base */,
			);
			name = LaunchScreen.storyboard;
			path = .;
			sourceTree = "<group>";
		};
/* End PBXVariantGroup section */

/* Begin XCBuildConfiguration section */
		173529801D27B366000587DD /* Debug */ = {
			isa = XCBuildConfiguration;
			buildSettings = {
				ALWAYS_SEARCH_USER_PATHS = NO;
				CLANG_ANALYZER_NONNULL = YES;
				CLANG_CXX_LANGUAGE_STANDARD = "gnu++0x";
				CLANG_CXX_LIBRARY = "libc++";
				CLANG_ENABLE_MODULES = YES;
				CLANG_ENABLE_OBJC_ARC = YES;
				CLANG_WARN_BOOL_CONVERSION = YES;
				CLANG_WARN_CONSTANT_CONVERSION = YES;
				CLANG_WARN_DIRECT_OBJC_ISA_USAGE = YES_ERROR;
				CLANG_WARN_EMPTY_BODY = YES;
				CLANG_WARN_ENUM_CONVERSION = YES;
				CLANG_WARN_INT_CONVERSION = YES;
				CLANG_WARN_OBJC_ROOT_CLASS = YES_ERROR;
				CLANG_WARN_UNREACHABLE_CODE = YES;
				CLANG_WARN__DUPLICATE_METHOD_MATCH = YES;
				"CODE_SIGN_IDENTITY[sdk=iphoneos*]" = "iPhone Developer";
				COPY_PHASE_STRIP = NO;
				DEBUG_INFORMATION_FORMAT = dwarf;
				ENABLE_STRICT_OBJC_MSGSEND = YES;
				ENABLE_TESTABILITY = YES;
				GCC_C_LANGUAGE_STANDARD = gnu99;
				GCC_DYNAMIC_NO_PIC = NO;
				GCC_NO_COMMON_BLOCKS = YES;
				GCC_OPTIMIZATION_LEVEL = 0;
				GCC_PREPROCESSOR_DEFINITIONS = (
					"DEBUG=1",
					"$(inherited)",
				);
				GCC_WARN_64_TO_32_BIT_CONVERSION = YES;
				GCC_WARN_ABOUT_RETURN_TYPE = YES_ERROR;
				GCC_WARN_UNDECLARED_SELECTOR = YES;
				GCC_WARN_UNINITIALIZED_AUTOS = YES_AGGRESSIVE;
				GCC_WARN_UNUSED_FUNCTION = YES;
				GCC_WARN_UNUSED_VARIABLE = YES;
				IPHONEOS_DEPLOYMENT_TARGET = 9.3;
				MTL_ENABLE_DEBUG_INFO = YES;
				ONLY_ACTIVE_ARCH = YES;
				SDKROOT = iphoneos;
				SWIFT_OPTIMIZATION_LEVEL = "-Onone";
				TARGETED_DEVICE_FAMILY = "1,2";
			};
			name = Debug;
		};
		173529811D27B366000587DD /* Release */ = {
			isa = XCBuildConfiguration;
			buildSettings = {
				ALWAYS_SEARCH_USER_PATHS = NO;
				CLANG_ANALYZER_NONNULL = YES;
				CLANG_CXX_LANGUAGE_STANDARD = "gnu++0x";
				CLANG_CXX_LIBRARY = "libc++";
				CLANG_ENABLE_MODULES = YES;
				CLANG_ENABLE_OBJC_ARC = YES;
				CLANG_WARN_BOOL_CONVERSION = YES;
				CLANG_WARN_CONSTANT_CONVERSION = YES;
				CLANG_WARN_DIRECT_OBJC_ISA_USAGE = YES_ERROR;
				CLANG_WARN_EMPTY_BODY = YES;
				CLANG_WARN_ENUM_CONVERSION = YES;
				CLANG_WARN_INT_CONVERSION = YES;
				CLANG_WARN_OBJC_ROOT_CLASS = YES_ERROR;
				CLANG_WARN_UNREACHABLE_CODE = YES;
				CLANG_WARN__DUPLICATE_METHOD_MATCH = YES;
				"CODE_SIGN_IDENTITY[sdk=iphoneos*]" = "iPhone Developer";
				COPY_PHASE_STRIP = NO;
				DEBUG_INFORMATION_FORMAT = "dwarf-with-dsym";
				ENABLE_NS_ASSERTIONS = NO;
				ENABLE_STRICT_OBJC_MSGSEND = YES;
				GCC_C_LANGUAGE_STANDARD = gnu99;
				GCC_NO_COMMON_BLOCKS = YES;
				GCC_WARN_64_TO_32_BIT_CONVERSION = YES;
				GCC_WARN_ABOUT_RETURN_TYPE = YES_ERROR;
				GCC_WARN_UNDECLARED_SELECTOR = YES;
				GCC_WARN_UNINITIALIZED_AUTOS = YES_AGGRESSIVE;
				GCC_WARN_UNUSED_FUNCTION = YES;
				GCC_WARN_UNUSED_VARIABLE = YES;
				IPHONEOS_DEPLOYMENT_TARGET = 9.3;
				MTL_ENABLE_DEBUG_INFO = NO;
				SDKROOT = iphoneos;
				TARGETED_DEVICE_FAMILY = "1,2";
				VALIDATE_PRODUCT = YES;
			};
			name = Release;
		};
		173529831D27B366000587DD /* Debug */ = {
			isa = XCBuildConfiguration;
			buildSettings = {
				ASSETCATALOG_COMPILER_APPICON_NAME = AppIcon;
				FRAMEWORK_SEARCH_PATHS = (
					"$(inherited)",
					"$(PROJECT_DIR)/Carthage/Build/iOS",
				);
				INFOPLIST_FILE = Kaze/Info.plist;
				LD_RUNPATH_SEARCH_PATHS = "$(inherited) @executable_path/Frameworks";
				PRODUCT_BUNDLE_IDENTIFIER = HikaruTakahashi.Kaze;
				PRODUCT_NAME = kaze;
				TARGETED_DEVICE_FAMILY = "1,2";
			};
			name = Debug;
		};
		173529841D27B366000587DD /* Release */ = {
			isa = XCBuildConfiguration;
			buildSettings = {
				ASSETCATALOG_COMPILER_APPICON_NAME = AppIcon;
				FRAMEWORK_SEARCH_PATHS = (
					"$(inherited)",
					"$(PROJECT_DIR)/Carthage/Build/iOS",
				);
				INFOPLIST_FILE = Kaze/Info.plist;
				LD_RUNPATH_SEARCH_PATHS = "$(inherited) @executable_path/Frameworks";
				PRODUCT_BUNDLE_IDENTIFIER = HikaruTakahashi.Kaze;
				PRODUCT_NAME = kaze;
				TARGETED_DEVICE_FAMILY = "1,2";
			};
			name = Release;
		};
		173529861D27B366000587DD /* Debug */ = {
			isa = XCBuildConfiguration;
			buildSettings = {
				BUNDLE_LOADER = "$(TEST_HOST)";
				INFOPLIST_FILE = KazeTests/Info.plist;
				LD_RUNPATH_SEARCH_PATHS = "$(inherited) @executable_path/Frameworks @loader_path/Frameworks";
				PRODUCT_BUNDLE_IDENTIFIER = HikaruTakahashi.KazeTests;
				PRODUCT_NAME = "$(TARGET_NAME)";
				TEST_HOST = "$(BUILT_PRODUCTS_DIR)/Kaze.app/Kaze";
			};
			name = Debug;
		};
		173529871D27B366000587DD /* Release */ = {
			isa = XCBuildConfiguration;
			buildSettings = {
				BUNDLE_LOADER = "$(TEST_HOST)";
				INFOPLIST_FILE = KazeTests/Info.plist;
				LD_RUNPATH_SEARCH_PATHS = "$(inherited) @executable_path/Frameworks @loader_path/Frameworks";
				PRODUCT_BUNDLE_IDENTIFIER = HikaruTakahashi.KazeTests;
				PRODUCT_NAME = "$(TARGET_NAME)";
				TEST_HOST = "$(BUILT_PRODUCTS_DIR)/Kaze.app/Kaze";
			};
			name = Release;
		};
		173529891D27B366000587DD /* Debug */ = {
			isa = XCBuildConfiguration;
			buildSettings = {
				INFOPLIST_FILE = KazeUITests/Info.plist;
				LD_RUNPATH_SEARCH_PATHS = "$(inherited) @executable_path/Frameworks @loader_path/Frameworks";
				PRODUCT_BUNDLE_IDENTIFIER = HikaruTakahashi.KazeUITests;
				PRODUCT_NAME = "$(TARGET_NAME)";
				TEST_TARGET_NAME = Kaze;
			};
			name = Debug;
		};
		1735298A1D27B366000587DD /* Release */ = {
			isa = XCBuildConfiguration;
			buildSettings = {
				INFOPLIST_FILE = KazeUITests/Info.plist;
				LD_RUNPATH_SEARCH_PATHS = "$(inherited) @executable_path/Frameworks @loader_path/Frameworks";
				PRODUCT_BUNDLE_IDENTIFIER = HikaruTakahashi.KazeUITests;
				PRODUCT_NAME = "$(TARGET_NAME)";
				TEST_TARGET_NAME = Kaze;
			};
			name = Release;
		};
/* End XCBuildConfiguration section */

/* Begin XCConfigurationList section */
		173529551D27B366000587DD /* Build configuration list for PBXProject "Kaze" */ = {
			isa = XCConfigurationList;
			buildConfigurations = (
				173529801D27B366000587DD /* Debug */,
				173529811D27B366000587DD /* Release */,
			);
			defaultConfigurationIsVisible = 0;
			defaultConfigurationName = Release;
		};
		173529821D27B366000587DD /* Build configuration list for PBXNativeTarget "Kaze" */ = {
			isa = XCConfigurationList;
			buildConfigurations = (
				173529831D27B366000587DD /* Debug */,
				173529841D27B366000587DD /* Release */,
			);
			defaultConfigurationIsVisible = 0;
			defaultConfigurationName = Release;
		};
		173529851D27B366000587DD /* Build configuration list for PBXNativeTarget "KazeTests" */ = {
			isa = XCConfigurationList;
			buildConfigurations = (
				173529861D27B366000587DD /* Debug */,
				173529871D27B366000587DD /* Release */,
			);
			defaultConfigurationIsVisible = 0;
			defaultConfigurationName = Release;
		};
		173529881D27B366000587DD /* Build configuration list for PBXNativeTarget "KazeUITests" */ = {
			isa = XCConfigurationList;
			buildConfigurations = (
				173529891D27B366000587DD /* Debug */,
				1735298A1D27B366000587DD /* Release */,
			);
			defaultConfigurationIsVisible = 0;
			defaultConfigurationName = Release;
		};
/* End XCConfigurationList section */
	};
	rootObject = 173529521D27B366000587DD /* Project object */;
}
